# THIS IS AN AUTOGENERATED FILE. DO NOT EDIT THIS FILE DIRECTLY.
# yarn lockfile v1


"@types/eventsource@^1.0.2":
  version "1.0.2"
  resolved "https://registry.yarnpkg.com/@types/eventsource/-/eventsource-1.0.2.tgz#5f53734831da4748f9a7b394d79d5822ed110924"
  integrity sha512-CprOekOB/lzAiGDF1MPWHX053RVTCYyYU3M8HOQXpdD0QfXijM//Na/hZxHaQv4ydsiB1uOBQ3p8S5nXpP4nNQ==

"@types/jest@^23.3.2":
  version "23.3.14"
  resolved "https://registry.yarnpkg.com/@types/jest/-/jest-23.3.14.tgz#37daaf78069e7948520474c87b80092ea912520a"
  integrity sha512-Q5hTcfdudEL2yOmluA1zaSyPbzWPmJ3XfSWeP3RyoYvS9hnje1ZyagrZOuQ6+1nQC1Gw+7gap3pLNL3xL6UBug==

"@types/node@^10.9.4":
  version "10.9.4"
  resolved "https://registry.yarnpkg.com/@types/node/-/node-10.9.4.tgz#0f4cb2dc7c1de6096055357f70179043c33e9897"
  integrity sha512-fCHV45gS+m3hH17zgkgADUSi2RR1Vht6wOZ0jyHP8rjiQra9f+mIcgwPQHllmDocYOstIEbKlxbFDYlgrTPYqw==

"@types/tough-cookie@^2.3.6":
  version "2.3.6"
  resolved "https://registry.yarnpkg.com/@types/tough-cookie/-/tough-cookie-2.3.6.tgz#c880579e087d7a0db13777ff8af689f4ffc7b0d5"
  integrity sha512-wHNBMnkoEBiRAd3s8KTKwIuO9biFtTf0LehITzBhSco+HQI0xkXZbLOD55SW3Aqw3oUkHstkm5SPv58yaAdFPQ==

abort-controller@^3.0.0:
  version "3.0.0"
  resolved "https://registry.yarnpkg.com/abort-controller/-/abort-controller-3.0.0.tgz#eaf54d53b62bae4138e809ca225c8439a6efb392"
  integrity sha512-h8lQ8tacZYnR3vNQTgibj+tODHI5/+l06Au2Pcriv/Gmet0eaj4TwWH41sO9wnHDiQsEj19q0drzdWdeAHtweg==
  dependencies:
    event-target-shim "^5.0.0"

async-limiter@~1.0.0:
  version "1.0.0"
  resolved "https://registry.yarnpkg.com/async-limiter/-/async-limiter-1.0.0.tgz#78faed8c3d074ab81f22b4e985d79e8738f720f8"
  integrity sha512-jp/uFnooOiO+L211eZOoSyzpOITMXx1rBITauYykG3BRYPu8h0UcxsPNB04RR5vo4Tyz3+ay17tR6JVf9qzYWg==

es6-promise@^4.2.2:
  version "4.2.2"
  resolved "https://registry.yarnpkg.com/es6-promise/-/es6-promise-4.2.2.tgz#f722d7769af88bd33bc13ec6605e1f92966b82d9"
  integrity sha512-LSas5vsuA6Q4nEdf9wokY5/AJYXry98i0IzXsv49rYsgDGDNDPbqAYR1Pe23iFxygfbGZNR/5VrHXBCh2BhvUQ==

event-target-shim@^5.0.0:
  version "5.0.1"
  resolved "https://registry.yarnpkg.com/event-target-shim/-/event-target-shim-5.0.1.tgz#5d4d3ebdf9583d63a5333ce2deb7480ab2b05789"
  integrity sha512-i/2XbnSz/uxRCU6+NdVJgKWDTM427+MqYbkQzD321DuCQJUqOuJKIA0IM2+W2xtYHdKOmZ4dR6fExsd4SXL+WQ==

eventsource@^1.0.7:
  version "1.0.7"
  resolved "https://registry.yarnpkg.com/eventsource/-/eventsource-1.0.7.tgz#8fbc72c93fcd34088090bc0a4e64f4b5cee6d8d0"
  integrity sha512-4Ln17+vVT0k8aWq+t/bF5arcS3EpT9gYtW66EPacdj/mAFevznsnyoHLPy2BA8gbIQeIHoPsvwmfBftfcG//BQ==
  dependencies:
    original "^1.0.0"

fetch-cookie@^0.8.0:
  version "0.8.0"
  resolved "https://registry.yarnpkg.com/fetch-cookie/-/fetch-cookie-0.8.0.tgz#f31ebb534a7ab55453287e6a5d9dbf6c5d5ab95e"
  integrity sha512-3EzzY298LQL2Iau5VvmnbOXw1/gvAHD/Jm4wDCUn0RFrEijp+1RoJkeKmAyi2oXC32374p7cPBI+QmmD9hg+Xg==
  dependencies:
    tough-cookie "^2.3.3 || ^3.0.1 || ^4.0.0"

node-fetch@^2.6.0:
  version "2.6.0"
  resolved "https://registry.yarnpkg.com/node-fetch/-/node-fetch-2.6.0.tgz#e633456386d4aa55863f676a7ab0daa8fdecb0fd"
  integrity sha512-8dG4H5ujfvFiqDmVu9fQ5bOHUC15JMjMY/Zumv26oOvvVJjM67KF8koCWIabKQ1GJIa9r2mMZscBq/TbdOcmNA==

original@^1.0.0:
  version "1.0.2"
  resolved "https://registry.yarnpkg.com/original/-/original-1.0.2.tgz#e442a61cffe1c5fd20a65f3261c26663b303f25f"
  integrity sha512-hyBVl6iqqUOJ8FqRe+l/gS8H+kKYjrEndd5Pm1MfBtsEKA038HkkdbAl/72EAXGyonD/PFsvmVG+EvcIpliMBg==
  dependencies:
    url-parse "^1.4.3"

psl@^1.1.33:
  version "1.9.0"
  resolved "https://registry.yarnpkg.com/psl/-/psl-1.9.0.tgz#d0df2a137f00794565fcaf3b2c00cd09f8d5a5a7"
  integrity sha512-E/ZsdU4HLs/68gYzgGTkMicWTLPdAftJLfJFlLUAAKZGkStNU72sZjT66SnMDVOfOWY/YAoiD7Jxa9iHvngcag==

punycode@^2.1.1:
  version "2.1.1"
  resolved "https://registry.yarnpkg.com/punycode/-/punycode-2.1.1.tgz#b58b010ac40c22c5657616c8d2c2c02c7bf479ec"
  integrity sha512-XRsRjdf+j5ml+y/6GKHPZbrF/8p2Yga0JPtdqTIY2Xe5ohJPD9saDJJLPvp9+NSBprVvevdXZybnj2cv8OEd0A==

querystringify@^2.0.0:
  version "2.0.0"
  resolved "https://registry.yarnpkg.com/querystringify/-/querystringify-2.0.0.tgz#fa3ed6e68eb15159457c89b37bc6472833195755"
  integrity sha512-eTPo5t/4bgaMNZxyjWx6N2a6AuE0mq51KWvpc7nU/MAqixcI6v6KrGUKES0HaomdnolQBBXU/++X6/QQ9KL4tw==

querystringify@^2.1.1:
  version "2.2.0"
  resolved "https://registry.yarnpkg.com/querystringify/-/querystringify-2.2.0.tgz#3345941b4153cb9d082d8eee4cda2016a9aef7f6"
  integrity sha512-FIqgj2EUvTa7R50u0rGsyTftzjYmv/a3hO345bZNrqabNqjtgiDMgmo4mkUjd+nzU5oF3dClKqFIPUKybUyqoQ==

requires-port@^1.0.0:
  version "1.0.0"
  resolved "https://registry.yarnpkg.com/requires-port/-/requires-port-1.0.0.tgz#925d2601d39ac485e091cf0da5c6e694dc3dcaff"
  integrity sha1-kl0mAdOaxIXgkc8NpcbmlNw9yv8=

"tough-cookie@^2.3.3 || ^3.0.1 || ^4.0.0":
  version "4.1.3"
  resolved "https://registry.yarnpkg.com/tough-cookie/-/tough-cookie-4.1.3.tgz#97b9adb0728b42280aa3d814b6b999b2ff0318bf"
  integrity sha512-aX/y5pVRkfRnfmuX+OdbSdXvPe6ieKX/G2s7e98f4poJHnqH3281gDPm/metm6E/WRamfx7WC4HUqkWHfQHprw==
  dependencies:
    psl "^1.1.33"
    punycode "^2.1.1"
    universalify "^0.2.0"
    url-parse "^1.5.3"

universalify@^0.2.0:
  version "0.2.0"
  resolved "https://registry.yarnpkg.com/universalify/-/universalify-0.2.0.tgz#6451760566fa857534745ab1dde952d1b1761be0"
  integrity sha512-CJ1QgKmNg3CwvAv/kOFmtnEN05f0D/cn9QntgNOQlQF9dgvVTHj3t+8JPdjqawCHk7V/KA+fbUqzZ9XWhcqPUg==

url-parse@^1.4.3:
  version "1.4.3"
  resolved "https://registry.yarnpkg.com/url-parse/-/url-parse-1.4.3.tgz#bfaee455c889023219d757e045fa6a684ec36c15"
  integrity sha512-rh+KuAW36YKo0vClhQzLLveoj8FwPJNu65xLb7Mrt+eZht0IPT0IXgSv8gcMegZ6NvjJUALf6Mf25POlMwD1Fw==
  dependencies:
    querystringify "^2.0.0"
    requires-port "^1.0.0"

url-parse@^1.5.3:
  version "1.5.10"
  resolved "https://registry.yarnpkg.com/url-parse/-/url-parse-1.5.10.tgz#9d3c2f736c1d75dd3bd2be507dcc111f1e2ea9c1"
  integrity sha512-WypcfiRhfeUP9vvF0j6rw0J3hrWrw6iZv3+22h6iRMJ/8z1Tj6XfLP4DsUix5MhMPnXpiHDoKyoZ/bdCkwBCiQ==
  dependencies:
    querystringify "^2.1.1"
    requires-port "^1.0.0"

ws@^6.0.0:
  version "6.0.0"
  resolved "https://registry.yarnpkg.com/ws/-/ws-6.0.0.tgz#eaa494aded00ac4289d455bac8d84c7c651cef35"
  integrity sha512-c2UlYcAZp1VS8AORtpq6y4RJIkJ9dQz18W32SpR/qXGfLDZ2jU4y4wKvvZwqbi7U6gxFQTeE+urMbXU/tsDy4w==
  dependencies:
    async-limiter "~1.0.0"
